
Microsoft Visual Studio Solution File, Format Version 12.00
# Visual Studio Version 16
VisualStudioVersion = 16.0.31727.386
MinimumVisualStudioVersion = 10.0.40219.1
Project("{FAE04EC0-301F-11D3-BF4B-00C04F79EFBC}") = "TaskManager.UWP", "TaskManagerUWP\TaskManager.UWP.csproj", "{0953CBEE-AACA-4544-95BB-969891D222D4}"
EndProject
Project("{FAE04EC0-301F-11D3-BF4B-00C04F79EFBC}") = "Library.TaskManager", "Library.TaskManager\Library.TaskManager.csproj", "{03D06DFA-0A9F-4F44-B516-7159E3A7C51D}"
EndProject
Global
	GlobalSection(SolutionConfigurationPlatforms) = preSolution
		Debug|Any CPU = Debug|Any CPU
		Debug|ARM = Debug|ARM
		Debug|ARM64 = Debug|ARM64
		Debug|x64 = Debug|x64
		Debug|x86 = Debug|x86
		Release|Any CPU = Release|Any CPU
		Release|ARM = Release|ARM
		Release|ARM64 = Release|ARM64
		Release|x64 = Release|x64
		Release|x86 = Release|x86
	EndGlobalSection
	GlobalSection(ProjectConfigurationPlatforms) = postSolution
		{0953CBEE-AACA-4544-95BB-969891D222D4}.Debug|Any CPU.ActiveCfg = Debug|x86
		{0953CBEE-AACA-4544-95BB-969891D222D4}.Debug|ARM.ActiveCfg = Debug|ARM
		{0953CBEE-AACA-4544-95BB-969891D222D4}.Debug|ARM.Build.0 = Debug|ARM
		{0953CBEE-AACA-4544-95BB-969891D222D4}.Debug|ARM.Deploy.0 = Debug|ARM
		{0953CBEE-AACA-4544-95BB-969891D222D4}.Debug|ARM64.ActiveCfg = Debug|ARM64
		{0953CBEE-AACA-4544-95BB-969891D222D4}.Debug|ARM64.Build.0 = Debug|ARM64
		{0953CBEE-AACA-4544-95BB-969891D222D4}.Debug|ARM64.Deploy.0 = Debug|ARM64
		{0953CBEE-AACA-4544-95BB-969891D222D4}.Debug|x64.ActiveCfg = Debug|x64
		{0953CBEE-AACA-4544-95BB-969891D222D4}.Debug|x64.Build.0 = Debug|x64
		{0953CBEE-AACA-4544-95BB-969891D222D4}.Debug|x64.Deploy.0 = Debug|x64
		{0953CBEE-AACA-4544-95BB-969891D222D4}.Debug|x86.ActiveCfg = Debug|x86
		{0953CBEE-AACA-4544-95BB-969891D222D4}.Debug|x86.Build.0 = Debug|x86
		{0953CBEE-AACA-4544-95BB-969891D222D4}.Debug|x86.Deploy.0 = Debug|x86
		{0953CBEE-AACA-4544-95BB-969891D222D4}.Release|Any CPU.ActiveCfg = Release|x86
		{0953CBEE-AACA-4544-95BB-969891D222D4}.Release|ARM.ActiveCfg = Release|ARM
		{0953CBEE-AACA-4544-95BB-969891D222D4}.Release|ARM.Build.0 = Release|ARM
		{0953CBEE-AACA-4544-95BB-969891D222D4}.Release|ARM.Deploy.0 = Release|ARM
		{0953CBEE-AACA-4544-95BB-969891D222D4}.Release|ARM64.ActiveCfg = Release|ARM64
		{0953CBEE-AACA-4544-95BB-969891D222D4}.Release|ARM64.Build.0 = Release|ARM64
		{0953CBEE-AACA-4544-95BB-969891D222D4}.Release|ARM64.Deploy.0 = Release|ARM64
		{0953CBEE-AACA-4544-95BB-969891D222D4}.Release|x64.ActiveCfg = Release|x64
		{0953CBEE-AACA-4544-95BB-969891D222D4}.Release|x64.Build.0 = Release|x64
		{0953CBEE-AACA-4544-95BB-969891D222D4}.Release|x64.Deploy.0 = Release|x64
		{0953CBEE-AACA-4544-95BB-969891D222D4}.Release|x86.ActiveCfg = Release|x86
		{0953CBEE-AACA-4544-95BB-969891D222D4}.Release|x86.Build.0 = Release|x86
		{0953CBEE-AACA-4544-95BB-969891D222D4}.Release|x86.Deploy.0 = Release|x86
		{03D06DFA-0A9F-4F44-B516-7159E3A7C51D}.Debug|Any CPU.ActiveCfg = Debug|Any CPU
		{03D06DFA-0A9F-4F44-B516-7159E3A7C51D}.Debug|Any CPU.Build.0 = Debug|Any CPU
		{03D06DFA-0A9F-4F44-B516-7159E3A7C51D}.Debug|ARM.ActiveCfg = Debug|ARM
		{03D06DFA-0A9F-4F44-B516-7159E3A7C51D}.Debug|ARM.Build.0 = Debug|ARM
		{03D06DFA-0A9F-4F44-B516-7159E3A7C51D}.Debug|ARM64.ActiveCfg = Debug|ARM64
		{03D06DFA-0A9F-4F44-B516-7159E3A7C51D}.Debug|ARM64.Build.0 = Debug|ARM64
		{03D06DFA-0A9F-4F44-B516-7159E3A7C51D}.Debug|x64.ActiveCfg = Debug|x64
		{03D06DFA-0A9F-4F44-B516-7159E3A7C51D}.Debug|x64.Build.0 = Debug|x64
		{03D06DFA-0A9F-4F44-B516-7159E3A7C51D}.Debug|x86.ActiveCfg = Debug|x86
		{03D06DFA-0A9F-4F44-B516-7159E3A7C51D}.Debug|x86.Build.0 = Debug|x86
		{03D06DFA-0A9F-4F44-B516-7159E3A7C51D}.Release|Any CPU.ActiveCfg = Release|Any CPU
		{03D06DFA-0A9F-4F44-B516-7159E3A7C51D}.Release|Any CPU.Build.0 = Release|Any CPU
		{03D06DFA-0A9F-4F44-B516-7159E3A7C51D}.Release|ARM.ActiveCfg = Release|ARM
		{03D06DFA-0A9F-4F44-B516-7159E3A7C51D}.Release|ARM.Build.0 = Release|ARM
		{03D06DFA-0A9F-4F44-B516-7159E3A7C51D}.Release|ARM64.ActiveCfg = Release|ARM64
		{03D06DFA-0A9F-4F44-B516-7159E3A7C51D}.Release|ARM64.Build.0 = Release|ARM64
		{03D06DFA-0A9F-4F44-B516-7159E3A7C51D}.Release|x64.ActiveCfg = Release|x64
		{03D06DFA-0A9F-4F44-B516-7159E3A7C51D}.Release|x64.Build.0 = Release|x64
		{03D06DFA-0A9F-4F44-B516-7159E3A7C51D}.Release|x86.ActiveCfg = Release|x86
		{03D06DFA-0A9F-4F44-B516-7159E3A7C51D}.Release|x86.Build.0 = Release|x86
	EndGlobalSection
	GlobalSection(SolutionProperties) = preSolution
		HideSolutionNode = FALSE
	EndGlobalSection
	GlobalSection(ExtensibilityGlobals) = postSolution
		SolutionGuid = {81B40CF6-DDA7-41A9-8D45-172AF4FC9329}
	EndGlobalSection
EndGlobal
